{
    "requires": true,
    "lockfileVersion": 1,
    "dependencies": {
        "prismjs": {
            "version": "1.25.0",
            "resolved": "https://registry.npmjs.org/prismjs/-/prismjs-1.25.0.tgz",
            "integrity": "sha512-WCjJHl1KEWbnkQom1+SzftbtXMKQoezOCYs5rECqMN+jP+apI7ftoflyqigqzopSO3hMhTEb0mFClA8lkolgEg=="
        },
        "sharer.js": {
            "version": "0.4.2",
            "resolved": "https://registry.npmjs.org/sharer.js/-/sharer.js-0.4.2.tgz",
            "integrity": "sha512-9JeX1WRSWAANUkyizTK7roKnCUXlIyWR7nBHF4hhhEePkXemcdsh7cT0ihS0j2dQALkbNfp99hMwKJNcLsn7/A=="
        }
    }
}
